
Microsoft Visual Studio Solution File, Format Version 12.00
# Visual Studio Version 17
VisualStudioVersion = 17.8.34525.116
MinimumVisualStudioVersion = 10.0.40219.1
Project("{FAE04EC0-301F-11D3-BF4B-00C04F79EFBC}") = "MaskTrackingSystem", "MaskTrackingSystem\MaskTrackingSystem.csproj", "{DC6F5168-3635-4E37-B5AD-3C678AA7FE62}"
EndProject
Project("{FAE04EC0-301F-11D3-BF4B-00C04F79EFBC}") = "Entities", "Entities\Entities.csproj", "{AEC075C5-7D32-4E7A-9CA7-747C339BF07D}"
EndProject
Project("{FAE04EC0-301F-11D3-BF4B-00C04F79EFBC}") = "Business", "Business\Business.csproj", "{9DA9BB02-0643-4ED3-B2DF-A4B8231A37F9}"
EndProject
Global
	GlobalSection(SolutionConfigurationPlatforms) = preSolution
		Debug|Any CPU = Debug|Any CPU
		Release|Any CPU = Release|Any CPU
	EndGlobalSection
	GlobalSection(ProjectConfigurationPlatforms) = postSolution
		{DC6F5168-3635-4E37-B5AD-3C678AA7FE62}.Debug|Any CPU.ActiveCfg = Debug|Any CPU
		{DC6F5168-3635-4E37-B5AD-3C678AA7FE62}.Debug|Any CPU.Build.0 = Debug|Any CPU
		{DC6F5168-3635-4E37-B5AD-3C678AA7FE62}.Release|Any CPU.ActiveCfg = Release|Any CPU
		{DC6F5168-3635-4E37-B5AD-3C678AA7FE62}.Release|Any CPU.Build.0 = Release|Any CPU
		{AEC075C5-7D32-4E7A-9CA7-747C339BF07D}.Debug|Any CPU.ActiveCfg = Debug|Any CPU
		{AEC075C5-7D32-4E7A-9CA7-747C339BF07D}.Debug|Any CPU.Build.0 = Debug|Any CPU
		{AEC075C5-7D32-4E7A-9CA7-747C339BF07D}.Release|Any CPU.ActiveCfg = Release|Any CPU
		{AEC075C5-7D32-4E7A-9CA7-747C339BF07D}.Release|Any CPU.Build.0 = Release|Any CPU
		{9DA9BB02-0643-4ED3-B2DF-A4B8231A37F9}.Debug|Any CPU.ActiveCfg = Debug|Any CPU
		{9DA9BB02-0643-4ED3-B2DF-A4B8231A37F9}.Debug|Any CPU.Build.0 = Debug|Any CPU
		{9DA9BB02-0643-4ED3-B2DF-A4B8231A37F9}.Release|Any CPU.ActiveCfg = Release|Any CPU
		{9DA9BB02-0643-4ED3-B2DF-A4B8231A37F9}.Release|Any CPU.Build.0 = Release|Any CPU
	EndGlobalSection
	GlobalSection(SolutionProperties) = preSolution
		HideSolutionNode = FALSE
	EndGlobalSection
	GlobalSection(ExtensibilityGlobals) = postSolution
		SolutionGuid = {AA22037C-BAB6-43B6-A8D8-92A7F4B89C2D}
	EndGlobalSection
EndGlobal
